
Microsoft Visual Studio Solution File, Format Version 12.00
# Visual Studio Version 17
VisualStudioVersion = 17.3.32825.248
MinimumVisualStudioVersion = 10.0.40219.1
Project("{8BC9CEB8-8B4A-11D0-8D11-00A0C91BC942}") = "Les01", "Les01\Les01.vcxproj", "{B5E346A1-27FB-464E-8F95-9DA86B1B744C}"
EndProject
Project("{8BC9CEB8-8B4A-11D0-8D11-00A0C91BC942}") = "Les02", "Les02\Les02.vcxproj", "{422F2E49-0081-46F0-82B3-D20012F07DDE}"
EndProject
Project("{8BC9CEB8-8B4A-11D0-8D11-00A0C91BC942}") = "Les03", "Les03\Les03.vcxproj", "{DBD202FA-2F63-4F83-8B39-01B363C9EAAC}"
EndProject
Project("{8BC9CEB8-8B4A-11D0-8D11-00A0C91BC942}") = "Les04", "Les04\Les04.vcxproj", "{5957648B-D60A-4094-8B02-A3D748CB71F9}"
EndProject
Project("{8BC9CEB8-8B4A-11D0-8D11-00A0C91BC942}") = "Les05", "Les05\Les05.vcxproj", "{62F33158-558A-42D7-8F55-D5CBDD5828D8}"
EndProject
Project("{8BC9CEB8-8B4A-11D0-8D11-00A0C91BC942}") = "Les06", "Les06\Les06.vcxproj", "{4AB5C3ED-62A8-4930-8457-006CA18D920E}"
EndProject
Project("{8BC9CEB8-8B4A-11D0-8D11-00A0C91BC942}") = "Les07", "Les07\Les07.vcxproj", "{97B0E569-45AC-4C72-9B93-6894FAA0B73E}"
EndProject
Project("{8BC9CEB8-8B4A-11D0-8D11-00A0C91BC942}") = "Les08", "Les08\Les08.vcxproj", "{BC462692-CA77-4405-8677-242698EB6311}"
EndProject
Project("{8BC9CEB8-8B4A-11D0-8D11-00A0C91BC942}") = "Les09", "Les09\Les09.vcxproj", "{65921939-52D3-424F-8BAF-2E6B45C1F5FC}"
EndProject
Project("{8BC9CEB8-8B4A-11D0-8D11-00A0C91BC942}") = "Les10", "Les10\Les10.vcxproj", "{99A63487-2EC9-4624-A803-AA46FA8CF215}"
EndProject
Project("{8BC9CEB8-8B4A-11D0-8D11-00A0C91BC942}") = "Les11", "Les11\Les11.vcxproj", "{1DD23574-DBE3-4480-835F-EA8EBA704AB1}"
EndProject
Project("{8BC9CEB8-8B4A-11D0-8D11-00A0C91BC942}") = "Les12", "Les12\Les12.vcxproj", "{3E702D06-BCED-4AD5-AE6D-CAB5FD94D0B2}"
EndProject
Project("{8BC9CEB8-8B4A-11D0-8D11-00A0C91BC942}") = "Les13", "Les13\Les13.vcxproj", "{025B1A40-CD4A-43CC-BA9E-4950CEB2BFED}"
EndProject
Project("{8BC9CEB8-8B4A-11D0-8D11-00A0C91BC942}") = "Les14", "Les14\Les14.vcxproj", "{9FE10A10-6C5B-4DCD-8705-45DD4D129D85}"
EndProject
Project("{8BC9CEB8-8B4A-11D0-8D11-00A0C91BC942}") = "Les15", "Les15\Les15.vcxproj", "{413D4C72-C794-4546-B469-92C6CE008283}"
EndProject
Project("{8BC9CEB8-8B4A-11D0-8D11-00A0C91BC942}") = "HappyNewYear", "HappyNewYear\HappyNewYear.vcxproj", "{D92E69AC-2352-4992-8612-93994FC2AE3E}"
EndProject
Project("{8BC9CEB8-8B4A-11D0-8D11-00A0C91BC942}") = "Les16", "Les16\Les16.vcxproj", "{B42B13E9-FAD5-4F01-9EF1-F17E0A3EA15D}"
EndProject
Project("{8BC9CEB8-8B4A-11D0-8D11-00A0C91BC942}") = "Les17", "Les17\Les17.vcxproj", "{F32E18C7-AB14-4158-B032-B2F2E4878166}"
EndProject
Global
	GlobalSection(SolutionConfigurationPlatforms) = preSolution
		Debug|x64 = Debug|x64
		Debug|x86 = Debug|x86
		Release|x64 = Release|x64
		Release|x86 = Release|x86
	EndGlobalSection
	GlobalSection(ProjectConfigurationPlatforms) = postSolution
		{B5E346A1-27FB-464E-8F95-9DA86B1B744C}.Debug|x64.ActiveCfg = Debug|x64
		{B5E346A1-27FB-464E-8F95-9DA86B1B744C}.Debug|x64.Build.0 = Debug|x64
		{B5E346A1-27FB-464E-8F95-9DA86B1B744C}.Debug|x86.ActiveCfg = Debug|Win32
		{B5E346A1-27FB-464E-8F95-9DA86B1B744C}.Debug|x86.Build.0 = Debug|Win32
		{B5E346A1-27FB-464E-8F95-9DA86B1B744C}.Release|x64.ActiveCfg = Release|x64
		{B5E346A1-27FB-464E-8F95-9DA86B1B744C}.Release|x64.Build.0 = Release|x64
		{B5E346A1-27FB-464E-8F95-9DA86B1B744C}.Release|x86.ActiveCfg = Release|Win32
		{B5E346A1-27FB-464E-8F95-9DA86B1B744C}.Release|x86.Build.0 = Release|Win32
		{422F2E49-0081-46F0-82B3-D20012F07DDE}.Debug|x64.ActiveCfg = Debug|x64
		{422F2E49-0081-46F0-82B3-D20012F07DDE}.Debug|x64.Build.0 = Debug|x64
		{422F2E49-0081-46F0-82B3-D20012F07DDE}.Debug|x86.ActiveCfg = Debug|Win32
		{422F2E49-0081-46F0-82B3-D20012F07DDE}.Debug|x86.Build.0 = Debug|Win32
		{422F2E49-0081-46F0-82B3-D20012F07DDE}.Release|x64.ActiveCfg = Release|x64
		{422F2E49-0081-46F0-82B3-D20012F07DDE}.Release|x64.Build.0 = Release|x64
		{422F2E49-0081-46F0-82B3-D20012F07DDE}.Release|x86.ActiveCfg = Release|Win32
		{422F2E49-0081-46F0-82B3-D20012F07DDE}.Release|x86.Build.0 = Release|Win32
		{DBD202FA-2F63-4F83-8B39-01B363C9EAAC}.Debug|x64.ActiveCfg = Debug|x64
		{DBD202FA-2F63-4F83-8B39-01B363C9EAAC}.Debug|x64.Build.0 = Debug|x64
		{DBD202FA-2F63-4F83-8B39-01B363C9EAAC}.Debug|x86.ActiveCfg = Debug|Win32
		{DBD202FA-2F63-4F83-8B39-01B363C9EAAC}.Debug|x86.Build.0 = Debug|Win32
		{DBD202FA-2F63-4F83-8B39-01B363C9EAAC}.Release|x64.ActiveCfg = Release|x64
		{DBD202FA-2F63-4F83-8B39-01B363C9EAAC}.Release|x64.Build.0 = Release|x64
		{DBD202FA-2F63-4F83-8B39-01B363C9EAAC}.Release|x86.ActiveCfg = Release|Win32
		{DBD202FA-2F63-4F83-8B39-01B363C9EAAC}.Release|x86.Build.0 = Release|Win32
		{5957648B-D60A-4094-8B02-A3D748CB71F9}.Debug|x64.ActiveCfg = Debug|x64
		{5957648B-D60A-4094-8B02-A3D748CB71F9}.Debug|x64.Build.0 = Debug|x64
		{5957648B-D60A-4094-8B02-A3D748CB71F9}.Debug|x86.ActiveCfg = Debug|Win32
		{5957648B-D60A-4094-8B02-A3D748CB71F9}.Debug|x86.Build.0 = Debug|Win32
		{5957648B-D60A-4094-8B02-A3D748CB71F9}.Release|x64.ActiveCfg = Release|x64
		{5957648B-D60A-4094-8B02-A3D748CB71F9}.Release|x64.Build.0 = Release|x64
		{5957648B-D60A-4094-8B02-A3D748CB71F9}.Release|x86.ActiveCfg = Release|Win32
		{5957648B-D60A-4094-8B02-A3D748CB71F9}.Release|x86.Build.0 = Release|Win32
		{62F33158-558A-42D7-8F55-D5CBDD5828D8}.Debug|x64.ActiveCfg = Debug|x64
		{62F33158-558A-42D7-8F55-D5CBDD5828D8}.Debug|x64.Build.0 = Debug|x64
		{62F33158-558A-42D7-8F55-D5CBDD5828D8}.Debug|x86.ActiveCfg = Debug|Win32
		{62F33158-558A-42D7-8F55-D5CBDD5828D8}.Debug|x86.Build.0 = Debug|Win32
		{62F33158-558A-42D7-8F55-D5CBDD5828D8}.Release|x64.ActiveCfg = Release|x64
		{62F33158-558A-42D7-8F55-D5CBDD5828D8}.Release|x64.Build.0 = Release|x64
		{62F33158-558A-42D7-8F55-D5CBDD5828D8}.Release|x86.ActiveCfg = Release|Win32
		{62F33158-558A-42D7-8F55-D5CBDD5828D8}.Release|x86.Build.0 = Release|Win32
		{4AB5C3ED-62A8-4930-8457-006CA18D920E}.Debug|x64.ActiveCfg = Debug|x64
		{4AB5C3ED-62A8-4930-8457-006CA18D920E}.Debug|x64.Build.0 = Debug|x64
		{4AB5C3ED-62A8-4930-8457-006CA18D920E}.Debug|x86.ActiveCfg = Debug|Win32
		{4AB5C3ED-62A8-4930-8457-006CA18D920E}.Debug|x86.Build.0 = Debug|Win32
		{4AB5C3ED-62A8-4930-8457-006CA18D920E}.Release|x64.ActiveCfg = Release|x64
		{4AB5C3ED-62A8-4930-8457-006CA18D920E}.Release|x64.Build.0 = Release|x64
		{4AB5C3ED-62A8-4930-8457-006CA18D920E}.Release|x86.ActiveCfg = Release|Win32
		{4AB5C3ED-62A8-4930-8457-006CA18D920E}.Release|x86.Build.0 = Release|Win32
		{97B0E569-45AC-4C72-9B93-6894FAA0B73E}.Debug|x64.ActiveCfg = Debug|x64
		{97B0E569-45AC-4C72-9B93-6894FAA0B73E}.Debug|x64.Build.0 = Debug|x64
		{97B0E569-45AC-4C72-9B93-6894FAA0B73E}.Debug|x86.ActiveCfg = Debug|Win32
		{97B0E569-45AC-4C72-9B93-6894FAA0B73E}.Debug|x86.Build.0 = Debug|Win32
		{97B0E569-45AC-4C72-9B93-6894FAA0B73E}.Release|x64.ActiveCfg = Release|x64
		{97B0E569-45AC-4C72-9B93-6894FAA0B73E}.Release|x64.Build.0 = Release|x64
		{97B0E569-45AC-4C72-9B93-6894FAA0B73E}.Release|x86.ActiveCfg = Release|Win32
		{97B0E569-45AC-4C72-9B93-6894FAA0B73E}.Release|x86.Build.0 = Release|Win32
		{BC462692-CA77-4405-8677-242698EB6311}.Debug|x64.ActiveCfg = Debug|x64
		{BC462692-CA77-4405-8677-242698EB6311}.Debug|x64.Build.0 = Debug|x64
		{BC462692-CA77-4405-8677-242698EB6311}.Debug|x86.ActiveCfg = Debug|Win32
		{BC462692-CA77-4405-8677-242698EB6311}.Debug|x86.Build.0 = Debug|Win32
		{BC462692-CA77-4405-8677-242698EB6311}.Release|x64.ActiveCfg = Release|x64
		{BC462692-CA77-4405-8677-242698EB6311}.Release|x64.Build.0 = Release|x64
		{BC462692-CA77-4405-8677-242698EB6311}.Release|x86.ActiveCfg = Release|Win32
		{BC462692-CA77-4405-8677-242698EB6311}.Release|x86.Build.0 = Release|Win32
		{65921939-52D3-424F-8BAF-2E6B45C1F5FC}.Debug|x64.ActiveCfg = Debug|x64
		{65921939-52D3-424F-8BAF-2E6B45C1F5FC}.Debug|x64.Build.0 = Debug|x64
		{65921939-52D3-424F-8BAF-2E6B45C1F5FC}.Debug|x86.ActiveCfg = Debug|Win32
		{65921939-52D3-424F-8BAF-2E6B45C1F5FC}.Debug|x86.Build.0 = Debug|Win32
		{65921939-52D3-424F-8BAF-2E6B45C1F5FC}.Release|x64.ActiveCfg = Release|x64
		{65921939-52D3-424F-8BAF-2E6B45C1F5FC}.Release|x64.Build.0 = Release|x64
		{65921939-52D3-424F-8BAF-2E6B45C1F5FC}.Release|x86.ActiveCfg = Release|Win32
		{65921939-52D3-424F-8BAF-2E6B45C1F5FC}.Release|x86.Build.0 = Release|Win32
		{99A63487-2EC9-4624-A803-AA46FA8CF215}.Debug|x64.ActiveCfg = Debug|x64
		{99A63487-2EC9-4624-A803-AA46FA8CF215}.Debug|x64.Build.0 = Debug|x64
		{99A63487-2EC9-4624-A803-AA46FA8CF215}.Debug|x86.ActiveCfg = Debug|Win32
		{99A63487-2EC9-4624-A803-AA46FA8CF215}.Debug|x86.Build.0 = Debug|Win32
		{99A63487-2EC9-4624-A803-AA46FA8CF215}.Release|x64.ActiveCfg = Release|x64
		{99A63487-2EC9-4624-A803-AA46FA8CF215}.Release|x64.Build.0 = Release|x64
		{99A63487-2EC9-4624-A803-AA46FA8CF215}.Release|x86.ActiveCfg = Release|Win32
		{99A63487-2EC9-4624-A803-AA46FA8CF215}.Release|x86.Build.0 = Release|Win32
		{1DD23574-DBE3-4480-835F-EA8EBA704AB1}.Debug|x64.ActiveCfg = Debug|x64
		{1DD23574-DBE3-4480-835F-EA8EBA704AB1}.Debug|x64.Build.0 = Debug|x64
		{1DD23574-DBE3-4480-835F-EA8EBA704AB1}.Debug|x86.ActiveCfg = Debug|Win32
		{1DD23574-DBE3-4480-835F-EA8EBA704AB1}.Debug|x86.Build.0 = Debug|Win32
		{1DD23574-DBE3-4480-835F-EA8EBA704AB1}.Release|x64.ActiveCfg = Release|x64
		{1DD23574-DBE3-4480-835F-EA8EBA704AB1}.Release|x64.Build.0 = Release|x64
		{1DD23574-DBE3-4480-835F-EA8EBA704AB1}.Release|x86.ActiveCfg = Release|Win32
		{1DD23574-DBE3-4480-835F-EA8EBA704AB1}.Release|x86.Build.0 = Release|Win32
		{3E702D06-BCED-4AD5-AE6D-CAB5FD94D0B2}.Debug|x64.ActiveCfg = Debug|x64
		{3E702D06-BCED-4AD5-AE6D-CAB5FD94D0B2}.Debug|x64.Build.0 = Debug|x64
		{3E702D06-BCED-4AD5-AE6D-CAB5FD94D0B2}.Debug|x86.ActiveCfg = Debug|Win32
		{3E702D06-BCED-4AD5-AE6D-CAB5FD94D0B2}.Debug|x86.Build.0 = Debug|Win32
		{3E702D06-BCED-4AD5-AE6D-CAB5FD94D0B2}.Release|x64.ActiveCfg = Release|x64
		{3E702D06-BCED-4AD5-AE6D-CAB5FD94D0B2}.Release|x64.Build.0 = Release|x64
		{3E702D06-BCED-4AD5-AE6D-CAB5FD94D0B2}.Release|x86.ActiveCfg = Release|Win32
		{3E702D06-BCED-4AD5-AE6D-CAB5FD94D0B2}.Release|x86.Build.0 = Release|Win32
		{025B1A40-CD4A-43CC-BA9E-4950CEB2BFED}.Debug|x64.ActiveCfg = Debug|x64
		{025B1A40-CD4A-43CC-BA9E-4950CEB2BFED}.Debug|x64.Build.0 = Debug|x64
		{025B1A40-CD4A-43CC-BA9E-4950CEB2BFED}.Debug|x86.ActiveCfg = Debug|Win32
		{025B1A40-CD4A-43CC-BA9E-4950CEB2BFED}.Debug|x86.Build.0 = Debug|Win32
		{025B1A40-CD4A-43CC-BA9E-4950CEB2BFED}.Release|x64.ActiveCfg = Release|x64
		{025B1A40-CD4A-43CC-BA9E-4950CEB2BFED}.Release|x64.Build.0 = Release|x64
		{025B1A40-CD4A-43CC-BA9E-4950CEB2BFED}.Release|x86.ActiveCfg = Release|Win32
		{025B1A40-CD4A-43CC-BA9E-4950CEB2BFED}.Release|x86.Build.0 = Release|Win32
		{9FE10A10-6C5B-4DCD-8705-45DD4D129D85}.Debug|x64.ActiveCfg = Debug|x64
		{9FE10A10-6C5B-4DCD-8705-45DD4D129D85}.Debug|x64.Build.0 = Debug|x64
		{9FE10A10-6C5B-4DCD-8705-45DD4D129D85}.Debug|x86.ActiveCfg = Debug|Win32
		{9FE10A10-6C5B-4DCD-8705-45DD4D129D85}.Debug|x86.Build.0 = Debug|Win32
		{9FE10A10-6C5B-4DCD-8705-45DD4D129D85}.Release|x64.ActiveCfg = Release|x64
		{9FE10A10-6C5B-4DCD-8705-45DD4D129D85}.Release|x64.Build.0 = Release|x64
		{9FE10A10-6C5B-4DCD-8705-45DD4D129D85}.Release|x86.ActiveCfg = Release|Win32
		{9FE10A10-6C5B-4DCD-8705-45DD4D129D85}.Release|x86.Build.0 = Release|Win32
		{413D4C72-C794-4546-B469-92C6CE008283}.Debug|x64.ActiveCfg = Debug|x64
		{413D4C72-C794-4546-B469-92C6CE008283}.Debug|x64.Build.0 = Debug|x64
		{413D4C72-C794-4546-B469-92C6CE008283}.Debug|x86.ActiveCfg = Debug|Win32
		{413D4C72-C794-4546-B469-92C6CE008283}.Debug|x86.Build.0 = Debug|Win32
		{413D4C72-C794-4546-B469-92C6CE008283}.Release|x64.ActiveCfg = Release|x64
		{413D4C72-C794-4546-B469-92C6CE008283}.Release|x64.Build.0 = Release|x64
		{413D4C72-C794-4546-B469-92C6CE008283}.Release|x86.ActiveCfg = Release|Win32
		{413D4C72-C794-4546-B469-92C6CE008283}.Release|x86.Build.0 = Release|Win32
		{D92E69AC-2352-4992-8612-93994FC2AE3E}.Debug|x64.ActiveCfg = Debug|x64
		{D92E69AC-2352-4992-8612-93994FC2AE3E}.Debug|x64.Build.0 = Debug|x64
		{D92E69AC-2352-4992-8612-93994FC2AE3E}.Debug|x86.ActiveCfg = Debug|Win32
		{D92E69AC-2352-4992-8612-93994FC2AE3E}.Debug|x86.Build.0 = Debug|Win32
		{D92E69AC-2352-4992-8612-93994FC2AE3E}.Release|x64.ActiveCfg = Release|x64
		{D92E69AC-2352-4992-8612-93994FC2AE3E}.Release|x64.Build.0 = Release|x64
		{D92E69AC-2352-4992-8612-93994FC2AE3E}.Release|x86.ActiveCfg = Release|Win32
		{D92E69AC-2352-4992-8612-93994FC2AE3E}.Release|x86.Build.0 = Release|Win32
		{B42B13E9-FAD5-4F01-9EF1-F17E0A3EA15D}.Debug|x64.ActiveCfg = Debug|x64
		{B42B13E9-FAD5-4F01-9EF1-F17E0A3EA15D}.Debug|x64.Build.0 = Debug|x64
		{B42B13E9-FAD5-4F01-9EF1-F17E0A3EA15D}.Debug|x86.ActiveCfg = Debug|Win32
		{B42B13E9-FAD5-4F01-9EF1-F17E0A3EA15D}.Debug|x86.Build.0 = Debug|Win32
		{B42B13E9-FAD5-4F01-9EF1-F17E0A3EA15D}.Release|x64.ActiveCfg = Release|x64
		{B42B13E9-FAD5-4F01-9EF1-F17E0A3EA15D}.Release|x64.Build.0 = Release|x64
		{B42B13E9-FAD5-4F01-9EF1-F17E0A3EA15D}.Release|x86.ActiveCfg = Release|Win32
		{B42B13E9-FAD5-4F01-9EF1-F17E0A3EA15D}.Release|x86.Build.0 = Release|Win32
		{F32E18C7-AB14-4158-B032-B2F2E4878166}.Debug|x64.ActiveCfg = Debug|x64
		{F32E18C7-AB14-4158-B032-B2F2E4878166}.Debug|x64.Build.0 = Debug|x64
		{F32E18C7-AB14-4158-B032-B2F2E4878166}.Debug|x86.ActiveCfg = Debug|Win32
		{F32E18C7-AB14-4158-B032-B2F2E4878166}.Debug|x86.Build.0 = Debug|Win32
		{F32E18C7-AB14-4158-B032-B2F2E4878166}.Release|x64.ActiveCfg = Release|x64
		{F32E18C7-AB14-4158-B032-B2F2E4878166}.Release|x64.Build.0 = Release|x64
		{F32E18C7-AB14-4158-B032-B2F2E4878166}.Release|x86.ActiveCfg = Release|Win32
		{F32E18C7-AB14-4158-B032-B2F2E4878166}.Release|x86.Build.0 = Release|Win32
	EndGlobalSection
	GlobalSection(SolutionProperties) = preSolution
		HideSolutionNode = FALSE
	EndGlobalSection
	GlobalSection(ExtensibilityGlobals) = postSolution
		SolutionGuid = {BF7785EC-0ED3-47DF-A2E1-34DDA72EE206}
	EndGlobalSection
EndGlobal
